// !$*UTF8*$!
{
	archiveVersion = 1;
	classes = {
	};
	objectVersion = 50;
	objects = {

/* Begin PBXBuildFile section */
		7455459226F497F80070487C /* AppDelegate.swift in Sources */ = {isa = PBXBuildFile; fileRef = 7455459126F497F80070487C /* AppDelegate.swift */; };
		7455459426F497F80070487C /* ViewController.swift in Sources */ = {isa = PBXBuildFile; fileRef = 7455459326F497F80070487C /* ViewController.swift */; };
		7455459626F497FB0070487C /* Assets.xcassets in Resources */ = {isa = PBXBuildFile; fileRef = 7455459526F497FB0070487C /* Assets.xcassets */; };
		7455459926F497FB0070487C /* Main.storyboard in Resources */ = {isa = PBXBuildFile; fileRef = 7455459726F497FB0070487C /* Main.storyboard */; };
		745545A226F4986D0070487C /* TerminalCmds.swift in Sources */ = {isa = PBXBuildFile; fileRef = 745545A126F4986D0070487C /* TerminalCmds.swift */; };
		745545A426F498930070487C /* XMLHandler.swift in Sources */ = {isa = PBXBuildFile; fileRef = 745545A326F498930070487C /* XMLHandler.swift */; };
		745545A626FAC0EF0070487C /* USBWatcher.swift in Sources */ = {isa = PBXBuildFile; fileRef = 745545A526FAC0EF0070487C /* USBWatcher.swift */; };
/* End PBXBuildFile section */

/* Begin PBXFileReference section */
		7455458E26F497F80070487C /* MacTools.app */ = {isa = PBXFileReference; explicitFileType = wrapper.application; includeInIndex = 0; path = MacTools.app; sourceTree = BUILT_PRODUCTS_DIR; };
		7455459126F497F80070487C /* AppDelegate.swift */ = {isa = PBXFileReference; lastKnownFileType = sourcecode.swift; path = AppDelegate.swift; sourceTree = "<group>"; };
		7455459326F497F80070487C /* ViewController.swift */ = {isa = PBXFileReference; lastKnownFileType = sourcecode.swift; path = ViewController.swift; sourceTree = "<group>"; };
		7455459526F497FB0070487C /* Assets.xcassets */ = {isa = PBXFileReference; lastKnownFileType = folder.assetcatalog; path = Assets.xcassets; sourceTree = "<group>"; };
		7455459826F497FB0070487C /* Base */ = {isa = PBXFileReference; lastKnownFileType = file.storyboard; name = Base; path = Base.lproj/Main.storyboard; sourceTree = "<group>"; };
		7455459A26F497FB0070487C /* Info.plist */ = {isa = PBXFileReference; lastKnownFileType = text.plist.xml; path = Info.plist; sourceTree = "<group>"; };
		7455459B26F497FB0070487C /* MacTools.entitlements */ = {isa = PBXFileReference; lastKnownFileType = text.plist.entitlements; path = MacTools.entitlements; sourceTree = "<group>"; };
		745545A126F4986D0070487C /* TerminalCmds.swift */ = {isa = PBXFileReference; lastKnownFileType = sourcecode.swift; path = TerminalCmds.swift; sourceTree = "<group>"; };
		745545A326F498930070487C /* XMLHandler.swift */ = {isa = PBXFileReference; lastKnownFileType = sourcecode.swift; path = XMLHandler.swift; sourceTree = "<group>"; };
		745545A526FAC0EF0070487C /* USBWatcher.swift */ = {isa = PBXFileReference; lastKnownFileType = sourcecode.swift; path = USBWatcher.swift; sourceTree = "<group>"; };
/* End PBXFileReference section */

/* Begin PBXFrameworksBuildPhase section */
		7455458B26F497F80070487C /* Frameworks */ = {
			isa = PBXFrameworksBuildPhase;
			buildActionMask = 2147483647;
			files = (
			);
			runOnlyForDeploymentPostprocessing = 0;
		};
/* End PBXFrameworksBuildPhase section */

/* Begin PBXGroup section */
		7455458526F497F80070487C = {
			isa = PBXGroup;
			children = (
				7455459026F497F80070487C /* MacTools */,
				7455458F26F497F80070487C /* Products */,
			);
			sourceTree = "<group>";
		};
		7455458F26F497F80070487C /* Products */ = {
			isa = PBXGroup;
			children = (
				7455458E26F497F80070487C /* MacTools.app */,
			);
			name = Products;
			sourceTree = "<group>";
		};
		7455459026F497F80070487C /* MacTools */ = {
			isa = PBXGroup;
			children = (
				7455459126F497F80070487C /* AppDelegate.swift */,
				7455459326F497F80070487C /* ViewController.swift */,
				7455459526F497FB0070487C /* Assets.xcassets */,
				7455459726F497FB0070487C /* Main.storyboard */,
				7455459A26F497FB0070487C /* Info.plist */,
				7455459B26F497FB0070487C /* MacTools.entitlements */,
				745545A126F4986D0070487C /* TerminalCmds.swift */,
				745545A326F498930070487C /* XMLHandler.swift */,
				745545A526FAC0EF0070487C /* USBWatcher.swift */,
			);
			path = MacTools;
			sourceTree = "<group>";
		};
/* End PBXGroup section */

/* Begin PBXNativeTarget section */
		7455458D26F497F80070487C /* MacTools */ = {
			isa = PBXNativeTarget;
			buildConfigurationList = 7455459E26F497FB0070487C /* Build configuration list for PBXNativeTarget "MacTools" */;
			buildPhases = (
				7455458A26F497F80070487C /* Sources */,
				7455458B26F497F80070487C /* Frameworks */,
				7455458C26F497F80070487C /* Resources */,
			);
			buildRules = (
			);
			dependencies = (
			);
			name = MacTools;
			productName = MacTools;
			productReference = 7455458E26F497F80070487C /* MacTools.app */;
			productType = "com.apple.product-type.application";
		};
/* End PBXNativeTarget section */

/* Begin PBXProject section */
		7455458626F497F80070487C /* Project object */ = {
			isa = PBXProject;
			attributes = {
				LastSwiftUpdateCheck = 1250;
				LastUpgradeCheck = 1250;
				TargetAttributes = {
					7455458D26F497F80070487C = {
						CreatedOnToolsVersion = 12.5.1;
					};
				};
			};
			buildConfigurationList = 7455458926F497F80070487C /* Build configuration list for PBXProject "MacTools" */;
			compatibilityVersion = "Xcode 9.3";
			developmentRegion = en;
			hasScannedForEncodings = 0;
			knownRegions = (
				en,
				Base,
			);
			mainGroup = 7455458526F497F80070487C;
			productRefGroup = 7455458F26F497F80070487C /* Products */;
			projectDirPath = "";
			projectRoot = "";
			targets = (
				7455458D26F497F80070487C /* MacTools */,
			);
		};
/* End PBXProject section */

/* Begin PBXResourcesBuildPhase section */
		7455458C26F497F80070487C /* Resources */ = {
			isa = PBXResourcesBuildPhase;
			buildActionMask = 2147483647;
			files = (
				7455459626F497FB0070487C /* Assets.xcassets in Resources */,
				7455459926F497FB0070487C /* Main.storyboard in Resources */,
			);
			runOnlyForDeploymentPostprocessing = 0;
		};
/* End PBXResourcesBuildPhase section */

/* Begin PBXSourcesBuildPhase section */
		7455458A26F497F80070487C /* Sources */ = {
			isa = PBXSourcesBuildPhase;
			buildActionMask = 2147483647;
			files = (
				745545A426F498930070487C /* XMLHandler.swift in Sources */,
				7455459426F497F80070487C /* ViewController.swift in Sources */,
				7455459226F497F80070487C /* AppDelegate.swift in Sources */,
				745545A226F4986D0070487C /* TerminalCmds.swift in Sources */,
				745545A626FAC0EF0070487C /* USBWatcher.swift in Sources */,
			);
			runOnlyForDeploymentPostprocessing = 0;
		};
/* End PBXSourcesBuildPhase section */

/* Begin PBXVariantGroup section */
		7455459726F497FB0070487C /* Main.storyboard */ = {
			isa = PBXVariantGroup;
			children = (
				7455459826F497FB0070487C /* Base */,
			);
			name = Main.storyboard;
			sourceTree = "<group>";
		};
/* End PBXVariantGroup section */

/* Begin XCBuildConfiguration section */
		7455459C26F497FB0070487C /* Debug */ = {
			isa = XCBuildConfiguration;
			buildSettings = {
				ALWAYS_SEARCH_USER_PATHS = NO;
				CLANG_ANALYZER_NONNULL = YES;
				CLANG_ANALYZER_NUMBER_OBJECT_CONVERSION = YES_AGGRESSIVE;
				CLANG_CXX_LANGUAGE_STANDARD = "gnu++14";
				CLANG_CXX_LIBRARY = "libc++";
				CLANG_ENABLE_MODULES = YES;
				CLANG_ENABLE_OBJC_ARC = YES;
				CLANG_ENABLE_OBJC_WEAK = YES;
				CLANG_WARN_BLOCK_CAPTURE_AUTORELEASING = YES;
				CLANG_WARN_BOOL_CONVERSION = YES;
				CLANG_WARN_COMMA = YES;
				CLANG_WARN_CONSTANT_CONVERSION = YES;
				CLANG_WARN_DEPRECATED_OBJC_IMPLEMENTATIONS = YES;
				CLANG_WARN_DIRECT_OBJC_ISA_USAGE = YES_ERROR;
				CLANG_WARN_DOCUMENTATION_COMMENTS = YES;
				CLANG_WARN_EMPTY_BODY = YES;
				CLANG_WARN_ENUM_CONVERSION = YES;
				CLANG_WARN_INFINITE_RECURSION = YES;
				CLANG_WARN_INT_CONVERSION = YES;
				CLANG_WARN_NON_LITERAL_NULL_CONVERSION = YES;
				CLANG_WARN_OBJC_IMPLICIT_RETAIN_SELF = YES;
				CLANG_WARN_OBJC_LITERAL_CONVERSION = YES;
				CLANG_WARN_OBJC_ROOT_CLASS = YES_ERROR;
				CLANG_WARN_QUOTED_INCLUDE_IN_FRAMEWORK_HEADER = YES;
				CLANG_WARN_RANGE_LOOP_ANALYSIS = YES;
				CLANG_WARN_STRICT_PROTOTYPES = YES;
				CLANG_WARN_SUSPICIOUS_MOVE = YES;
				CLANG_WARN_UNGUARDED_AVAILABILITY = YES_AGGRESSIVE;
				CLANG_WARN_UNREACHABLE_CODE = YES;
				CLANG_WARN__DUPLICATE_METHOD_MATCH = YES;
				COPY_PHASE_STRIP = NO;
				DEBUG_INFORMATION_FORMAT = dwarf;
				ENABLE_STRICT_OBJC_MSGSEND = YES;
				ENABLE_TESTABILITY = YES;
				GCC_C_LANGUAGE_STANDARD = gnu11;
				GCC_DYNAMIC_NO_PIC = NO;
				GCC_NO_COMMON_BLOCKS = YES;
				GCC_OPTIMIZATION_LEVEL = 0;
				GCC_PREPROCESSOR_DEFINITIONS = (
					"DEBUG=1",
					"$(inherited)",
				);
				GCC_WARN_64_TO_32_BIT_CONVERSION = YES;
				GCC_WARN_ABOUT_RETURN_TYPE = YES_ERROR;
				GCC_WARN_UNDECLARED_SELECTOR = YES;
				GCC_WARN_UNINITIALIZED_AUTOS = YES_AGGRESSIVE;
				GCC_WARN_UNUSED_FUNCTION = YES;
				GCC_WARN_UNUSED_VARIABLE = YES;
				MACOSX_DEPLOYMENT_TARGET = 11.3;
				MTL_ENABLE_DEBUG_INFO = INCLUDE_SOURCE;
				MTL_FAST_MATH = YES;
				ONLY_ACTIVE_ARCH = YES;
				SDKROOT = macosx;
				SWIFT_ACTIVE_COMPILATION_CONDITIONS = DEBUG;
				SWIFT_OPTIMIZATION_LEVEL = "-Onone";
			};
			name = Debug;
		};
		7455459D26F497FB0070487C /* Release */ = {
			isa = XCBuildConfiguration;
			buildSettings = {
				ALWAYS_SEARCH_USER_PATHS = NO;
				CLANG_ANALYZER_NONNULL = YES;
				CLANG_ANALYZER_NUMBER_OBJECT_CONVERSION = YES_AGGRESSIVE;
				CLANG_CXX_LANGUAGE_STANDARD = "gnu++14";
				CLANG_CXX_LIBRARY = "libc++";
				CLANG_ENABLE_MODULES = YES;
				CLANG_ENABLE_OBJC_ARC = YES;
				CLANG_ENABLE_OBJC_WEAK = YES;
				CLANG_WARN_BLOCK_CAPTURE_AUTORELEASING = YES;
				CLANG_WARN_BOOL_CONVERSION = YES;
				CLANG_WARN_COMMA = YES;
				CLANG_WARN_CONSTANT_CONVERSION = YES;
				CLANG_WARN_DEPRECATED_OBJC_IMPLEMENTATIONS = YES;
				CLANG_WARN_DIRECT_OBJC_ISA_USAGE = YES_ERROR;
				CLANG_WARN_DOCUMENTATION_COMMENTS = YES;
				CLANG_WARN_EMPTY_BODY = YES;
				CLANG_WARN_ENUM_CONVERSION = YES;
				CLANG_WARN_INFINITE_RECURSION = YES;
				CLANG_WARN_INT_CONVERSION = YES;
				CLANG_WARN_NON_LITERAL_NULL_CONVERSION = YES;
				CLANG_WARN_OBJC_IMPLICIT_RETAIN_SELF = YES;
				CLANG_WARN_OBJC_LITERAL_CONVERSION = YES;
				CLANG_WARN_OBJC_ROOT_CLASS = YES_ERROR;
				CLANG_WARN_QUOTED_INCLUDE_IN_FRAMEWORK_HEADER = YES;
				CLANG_WARN_RANGE_LOOP_ANALYSIS = YES;
				CLANG_WARN_STRICT_PROTOTYPES = YES;
				CLANG_WARN_SUSPICIOUS_MOVE = YES;
				CLANG_WARN_UNGUARDED_AVAILABILITY = YES_AGGRESSIVE;
				CLANG_WARN_UNREACHABLE_CODE = YES;
				CLANG_WARN__DUPLICATE_METHOD_MATCH = YES;
				COPY_PHASE_STRIP = NO;
				DEBUG_INFORMATION_FORMAT = "dwarf-with-dsym";
				ENABLE_NS_ASSERTIONS = NO;
				ENABLE_STRICT_OBJC_MSGSEND = YES;
				GCC_C_LANGUAGE_STANDARD = gnu11;
				GCC_NO_COMMON_BLOCKS = YES;
				GCC_WARN_64_TO_32_BIT_CONVERSION = YES;
				GCC_WARN_ABOUT_RETURN_TYPE = YES_ERROR;
				GCC_WARN_UNDECLARED_SELECTOR = YES;
				GCC_WARN_UNINITIALIZED_AUTOS = YES_AGGRESSIVE;
				GCC_WARN_UNUSED_FUNCTION = YES;
				GCC_WARN_UNUSED_VARIABLE = YES;
				MACOSX_DEPLOYMENT_TARGET = 11.3;
				MTL_ENABLE_DEBUG_INFO = NO;
				MTL_FAST_MATH = YES;
				SDKROOT = macosx;
				SWIFT_COMPILATION_MODE = wholemodule;
				SWIFT_OPTIMIZATION_LEVEL = "-O";
			};
			name = Release;
		};
		7455459F26F497FB0070487C /* Debug */ = {
			isa = XCBuildConfiguration;
			buildSettings = {
				ASSETCATALOG_COMPILER_APPICON_NAME = AppIcon;
				ASSETCATALOG_COMPILER_GLOBAL_ACCENT_COLOR_NAME = AccentColor;
				CODE_SIGN_ENTITLEMENTS = MacTools/MacTools.entitlements;
				CODE_SIGN_STYLE = Automatic;
				COMBINE_HIDPI_IMAGES = YES;
				DEVELOPMENT_TEAM = WFKTSWX9KM;
				ENABLE_HARDENED_RUNTIME = YES;
				INFOPLIST_FILE = MacTools/Info.plist;
				LD_RUNPATH_SEARCH_PATHS = (
					"$(inherited)",
					"@executable_path/../Frameworks",
				);
				PRODUCT_BUNDLE_IDENTIFIER = com.transcend.MacTools.MacTools;
				PRODUCT_NAME = "$(TARGET_NAME)";
				SWIFT_VERSION = 5.0;
			};
			name = Debug;
		};
		745545A026F497FB0070487C /* Release */ = {
			isa = XCBuildConfiguration;
			buildSettings = {
				ASSETCATALOG_COMPILER_APPICON_NAME = AppIcon;
				ASSETCATALOG_COMPILER_GLOBAL_ACCENT_COLOR_NAME = AccentColor;
				CODE_SIGN_ENTITLEMENTS = MacTools/MacTools.entitlements;
				CODE_SIGN_STYLE = Automatic;
				COMBINE_HIDPI_IMAGES = YES;
				DEVELOPMENT_TEAM = WFKTSWX9KM;
				ENABLE_HARDENED_RUNTIME = YES;
				INFOPLIST_FILE = MacTools/Info.plist;
				LD_RUNPATH_SEARCH_PATHS = (
					"$(inherited)",
					"@executable_path/../Frameworks",
				);
				PRODUCT_BUNDLE_IDENTIFIER = com.transcend.MacTools.MacTools;
				PRODUCT_NAME = "$(TARGET_NAME)";
				SWIFT_VERSION = 5.0;
			};
			name = Release;
		};
/* End XCBuildConfiguration section */

/* Begin XCConfigurationList section */
		7455458926F497F80070487C /* Build configuration list for PBXProject "MacTools" */ = {
			isa = XCConfigurationList;
			buildConfigurations = (
				7455459C26F497FB0070487C /* Debug */,
				7455459D26F497FB0070487C /* Release */,
			);
			defaultConfigurationIsVisible = 0;
			defaultConfigurationName = Release;
		};
		7455459E26F497FB0070487C /* Build configuration list for PBXNativeTarget "MacTools" */ = {
			isa = XCConfigurationList;
			buildConfigurations = (
				7455459F26F497FB0070487C /* Debug */,
				745545A026F497FB0070487C /* Release */,
			);
			defaultConfigurationIsVisible = 0;
			defaultConfigurationName = Release;
		};
/* End XCConfigurationList section */
	};
	rootObject = 7455458626F497F80070487C /* Project object */;
}
